
Microsoft Visual Studio Solution File, Format Version 12.00
# Visual Studio Version 16
VisualStudioVersion = 16.0.29609.76
MinimumVisualStudioVersion = 10.0.40219.1
Project("{FAE04EC0-301F-11D3-BF4B-00C04F79EFBC}") = "web_ocr", "web_ocr\web_ocr.csproj", "{54CAAAF5-B870-4CDB-89FA-277B920CA164}"
EndProject
Project("{FAE04EC0-301F-11D3-BF4B-00C04F79EFBC}") = "TessWrappper", "TessWrappper\TessWrappper.csproj", "{C19C07CF-AD7A-4C99-83FA-092EF3F8392C}"
EndProject
Global
	GlobalSection(SolutionConfigurationPlatforms) = preSolution
		Debug|Any CPU = Debug|Any CPU
		Release|Any CPU = Release|Any CPU
	EndGlobalSection
	GlobalSection(ProjectConfigurationPlatforms) = postSolution
		{54CAAAF5-B870-4CDB-89FA-277B920CA164}.Debug|Any CPU.ActiveCfg = Debug|Any CPU
		{54CAAAF5-B870-4CDB-89FA-277B920CA164}.Debug|Any CPU.Build.0 = Debug|Any CPU
		{54CAAAF5-B870-4CDB-89FA-277B920CA164}.Release|Any CPU.ActiveCfg = Release|Any CPU
		{54CAAAF5-B870-4CDB-89FA-277B920CA164}.Release|Any CPU.Build.0 = Release|Any CPU
		{C19C07CF-AD7A-4C99-83FA-092EF3F8392C}.Debug|Any CPU.ActiveCfg = Debug|Any CPU
		{C19C07CF-AD7A-4C99-83FA-092EF3F8392C}.Debug|Any CPU.Build.0 = Debug|Any CPU
		{C19C07CF-AD7A-4C99-83FA-092EF3F8392C}.Release|Any CPU.ActiveCfg = Release|Any CPU
		{C19C07CF-AD7A-4C99-83FA-092EF3F8392C}.Release|Any CPU.Build.0 = Release|Any CPU
	EndGlobalSection
	GlobalSection(SolutionProperties) = preSolution
		HideSolutionNode = FALSE
	EndGlobalSection
	GlobalSection(ExtensibilityGlobals) = postSolution
		SolutionGuid = {A7546F2C-5B28-498F-9F37-87F38589BB0C}
	EndGlobalSection
EndGlobal
